PODS:
  - Alamofire (5.9.1)
  - Flutter (1.0.0)
  - flutter_native_splash (2.4.3):
    - Flutter
  - image_cropper (0.0.5):
    - Flutter
    - TOCropViewController (~> 3.1.1)
  - image_picker_ios (0.0.1):
    - Flutter
  - kakao_flutter_sdk_common (1.10.0):
    - Flutter
  - KakaoSDKAuth (2.22.7):
    - KakaoSDKCommon (= 2.22.7)
  - KakaoSDKCommon (2.22.7):
    - KakaoSDKCommon/Common (= 2.22.7)
    - KakaoSDKCommon/Network (= 2.22.7)
  - KakaoSDKCommon/Common (2.22.7)
  - KakaoSDKCommon/Network (2.22.7):
    - Alamofire (~> 5.9.0)
    - KakaoSDKCommon/Common (= 2.22.7)
  - KakaoSDKUser (2.22.7):
    - KakaoSDKAuth (= 2.22.7)
  - shared_preferences_foundation (0.0.1):
    - Flutter
    - FlutterMacOS
  - TOCropViewController (3.1.2)
  - url_launcher_ios (0.0.1):
    - Flutter
  - webview_flutter_wkwebview (0.0.1):
    - Flutter
    - FlutterMacOS

DEPENDENCIES:
  - Flutter (from `Flutter`)
  - flutter_native_splash (from `.symlinks/plugins/flutter_native_splash/ios`)
  - image_cropper (from `.symlinks/plugins/image_cropper/ios`)
  - image_picker_ios (from `.symlinks/plugins/image_picker_ios/ios`)
  - kakao_flutter_sdk_common (from `.symlinks/plugins/kakao_flutter_sdk_common/ios`)
  - KakaoSDKAuth
  - KakaoSDKCommon
  - KakaoSDKUser
  - shared_preferences_foundation (from `.symlinks/plugins/shared_preferences_foundation/darwin`)
  - url_launcher_ios (from `.symlinks/plugins/url_launcher_ios/ios`)
  - webview_flutter_wkwebview (from `.symlinks/plugins/webview_flutter_wkwebview/darwin`)

SPEC REPOS:
  trunk:
    - Alamofire
    - KakaoSDKAuth
    - KakaoSDKCommon
    - KakaoSDKUser
    - TOCropViewController

EXTERNAL SOURCES:
  Flutter:
    :path: Flutter
  flutter_native_splash:
    :path: ".symlinks/plugins/flutter_native_splash/ios"
  image_cropper:
    :path: ".symlinks/plugins/image_cropper/ios"
  image_picker_ios:
    :path: ".symlinks/plugins/image_picker_ios/ios"
  kakao_flutter_sdk_common:
    :path: ".symlinks/plugins/kakao_flutter_sdk_common/ios"
  shared_preferences_foundation:
    :path: ".symlinks/plugins/shared_preferences_foundation/darwin"
  url_launcher_ios:
    :path: ".symlinks/plugins/url_launcher_ios/ios"
  webview_flutter_wkwebview:
    :path: ".symlinks/plugins/webview_flutter_wkwebview/darwin"

SPEC CHECKSUMS:
  Alamofire: f36a35757af4587d8e4f4bfa223ad10be2422b8c
  Flutter: cabc95a1d2626b1b06e7179b784ebcf0c0cde467
  flutter_native_splash: c32d145d68aeda5502d5f543ee38c192065986cf
  image_cropper: e405d3e44183f8e8edbec2e49b01ff9c819c7ac8
  image_picker_ios: e0ece4aa2a75771a7de3fa735d26d90817041326
  kakao_flutter_sdk_common: 682b3606698f87467788598dc2dc09d4e6867fbd
  KakaoSDKAuth: 45204252ff7c379c0f86c5573f97ec36885afca0
  KakaoSDKCommon: 132164a6bac8bcd3a4346d3bf777f34f8f39fdca
  KakaoSDKUser: 4c9cf1da78710d19d0b2c2dd32d1a44c544cdfa4
  shared_preferences_foundation: 7036424c3d8ec98dfe75ff1667cb0cd531ec82bb
  TOCropViewController: a916930c465b5d9445a74d95e0c0da931771b4df
  url_launcher_ios: 7a95fa5b60cc718a708b8f2966718e93db0cef1b
  webview_flutter_wkwebview: 8ebf4fded22593026f7dbff1fbff31ea98573c8d

PODFILE CHECKSUM: 4b73ef7d10f14e4cf134be7b9970359ec2333309

COCOAPODS: 1.16.2
